// !$*UTF8*$!
{
	archiveVersion = 1;
	classes = {
	};
	objectVersion = 56;
	objects = {

/* Begin PBXBuildFile section */
		92702E2A2C28569400B45374 /* ScrumdingerTestApp.swift in Sources */ = {isa = PBXBuildFile; fileRef = 92702E292C28569400B45374 /* ScrumdingerTestApp.swift */; };
		92702E2C2C28569400B45374 /* ContentView.swift in Sources */ = {isa = PBXBuildFile; fileRef = 92702E2B2C28569400B45374 /* ContentView.swift */; };
		92702E2E2C28569500B45374 /* Assets.xcassets in Resources */ = {isa = PBXBuildFile; fileRef = 92702E2D2C28569500B45374 /* Assets.xcassets */; };
		92702E312C28569500B45374 /* Preview Assets.xcassets in Resources */ = {isa = PBXBuildFile; fileRef = 92702E302C28569500B45374 /* Preview Assets.xcassets */; };
		D6A11EB12C2EAC9C00A88CF7 /* DailyScrum.swift in Sources */ = {isa = PBXBuildFile; fileRef = D6A11EAE2C2EAC9C00A88CF7 /* DailyScrum.swift */; };
		D6A11EB22C2EAC9C00A88CF7 /* Theme.swift in Sources */ = {isa = PBXBuildFile; fileRef = D6A11EAF2C2EAC9C00A88CF7 /* Theme.swift */; };
		D6A11EB92C2EACC400A88CF7 /* CardView.swift in Sources */ = {isa = PBXBuildFile; fileRef = D6A11EB32C2EACC400A88CF7 /* CardView.swift */; };
		D6A11EBA2C2EACC400A88CF7 /* DetailView.swift in Sources */ = {isa = PBXBuildFile; fileRef = D6A11EB42C2EACC400A88CF7 /* DetailView.swift */; };
		D6A11EBB2C2EACC400A88CF7 /* MeetingView.swift in Sources */ = {isa = PBXBuildFile; fileRef = D6A11EB52C2EACC400A88CF7 /* MeetingView.swift */; };
		D6A11EBC2C2EACC400A88CF7 /* ScrumsView.swift in Sources */ = {isa = PBXBuildFile; fileRef = D6A11EB62C2EACC400A88CF7 /* ScrumsView.swift */; };
		D6A11EBD2C2EACC400A88CF7 /* TrailingIconLabelStyle.swift in Sources */ = {isa = PBXBuildFile; fileRef = D6A11EB72C2EACC400A88CF7 /* TrailingIconLabelStyle.swift */; };
/* End PBXBuildFile section */

/* Begin PBXFileReference section */
		92702E262C28569400B45374 /* ScrumdingerTest.app */ = {isa = PBXFileReference; explicitFileType = wrapper.application; includeInIndex = 0; path = ScrumdingerTest.app; sourceTree = BUILT_PRODUCTS_DIR; };
		92702E292C28569400B45374 /* ScrumdingerTestApp.swift */ = {isa = PBXFileReference; lastKnownFileType = sourcecode.swift; path = ScrumdingerTestApp.swift; sourceTree = "<group>"; };
		92702E2B2C28569400B45374 /* ContentView.swift */ = {isa = PBXFileReference; lastKnownFileType = sourcecode.swift; path = ContentView.swift; sourceTree = "<group>"; };
		92702E2D2C28569500B45374 /* Assets.xcassets */ = {isa = PBXFileReference; lastKnownFileType = folder.assetcatalog; path = Assets.xcassets; sourceTree = "<group>"; };
		92702E302C28569500B45374 /* Preview Assets.xcassets */ = {isa = PBXFileReference; lastKnownFileType = folder.assetcatalog; path = "Preview Assets.xcassets"; sourceTree = "<group>"; };
		D6A11EAE2C2EAC9C00A88CF7 /* DailyScrum.swift */ = {isa = PBXFileReference; fileEncoding = 4; lastKnownFileType = sourcecode.swift; path = DailyScrum.swift; sourceTree = "<group>"; };
		D6A11EAF2C2EAC9C00A88CF7 /* Theme.swift */ = {isa = PBXFileReference; fileEncoding = 4; lastKnownFileType = sourcecode.swift; path = Theme.swift; sourceTree = "<group>"; };
		D6A11EB32C2EACC400A88CF7 /* CardView.swift */ = {isa = PBXFileReference; fileEncoding = 4; lastKnownFileType = sourcecode.swift; path = CardView.swift; sourceTree = "<group>"; };
		D6A11EB42C2EACC400A88CF7 /* DetailView.swift */ = {isa = PBXFileReference; fileEncoding = 4; lastKnownFileType = sourcecode.swift; path = DetailView.swift; sourceTree = "<group>"; };
		D6A11EB52C2EACC400A88CF7 /* MeetingView.swift */ = {isa = PBXFileReference; fileEncoding = 4; lastKnownFileType = sourcecode.swift; path = MeetingView.swift; sourceTree = "<group>"; };
		D6A11EB62C2EACC400A88CF7 /* ScrumsView.swift */ = {isa = PBXFileReference; fileEncoding = 4; lastKnownFileType = sourcecode.swift; path = ScrumsView.swift; sourceTree = "<group>"; };
		D6A11EB72C2EACC400A88CF7 /* TrailingIconLabelStyle.swift */ = {isa = PBXFileReference; fileEncoding = 4; lastKnownFileType = sourcecode.swift; path = TrailingIconLabelStyle.swift; sourceTree = "<group>"; };
/* End PBXFileReference section */

/* Begin PBXFrameworksBuildPhase section */
		92702E232C28569400B45374 /* Frameworks */ = {
			isa = PBXFrameworksBuildPhase;
			buildActionMask = 2147483647;
			files = (
			);
			runOnlyForDeploymentPostprocessing = 0;
		};
/* End PBXFrameworksBuildPhase section */

/* Begin PBXGroup section */
		92702E1D2C28569400B45374 = {
			isa = PBXGroup;
			children = (
				92702E282C28569400B45374 /* ScrumdingerTest */,
				92702E272C28569400B45374 /* Products */,
			);
			sourceTree = "<group>";
		};
		92702E272C28569400B45374 /* Products */ = {
			isa = PBXGroup;
			children = (
				92702E262C28569400B45374 /* ScrumdingerTest.app */,
			);
			name = Products;
			sourceTree = "<group>";
		};
		92702E282C28569400B45374 /* ScrumdingerTest */ = {
			isa = PBXGroup;
			children = (
				92702E292C28569400B45374 /* ScrumdingerTestApp.swift */,
				92702E2B2C28569400B45374 /* ContentView.swift */,
				D6A11EB82C2EACC400A88CF7 /* Views */,
				D6A11EB02C2EAC9C00A88CF7 /* Models */,
				92702E2D2C28569500B45374 /* Assets.xcassets */,
				92702E2F2C28569500B45374 /* Preview Content */,
			);
			path = ScrumdingerTest;
			sourceTree = "<group>";
		};
		92702E2F2C28569500B45374 /* Preview Content */ = {
			isa = PBXGroup;
			children = (
				92702E302C28569500B45374 /* Preview Assets.xcassets */,
			);
			path = "Preview Content";
			sourceTree = "<group>";
		};
		D6A11EB02C2EAC9C00A88CF7 /* Models */ = {
			isa = PBXGroup;
			children = (
				D6A11EAE2C2EAC9C00A88CF7 /* DailyScrum.swift */,
				D6A11EAF2C2EAC9C00A88CF7 /* Theme.swift */,
			);
			path = Models;
			sourceTree = "<group>";
		};
		D6A11EB82C2EACC400A88CF7 /* Views */ = {
			isa = PBXGroup;
			children = (
				D6A11EB32C2EACC400A88CF7 /* CardView.swift */,
				D6A11EB42C2EACC400A88CF7 /* DetailView.swift */,
				D6A11EB52C2EACC400A88CF7 /* MeetingView.swift */,
				D6A11EB62C2EACC400A88CF7 /* ScrumsView.swift */,
				D6A11EB72C2EACC400A88CF7 /* TrailingIconLabelStyle.swift */,
			);
			path = Views;
			sourceTree = "<group>";
		};
/* End PBXGroup section */

/* Begin PBXNativeTarget section */
		92702E252C28569400B45374 /* ScrumdingerTest */ = {
			isa = PBXNativeTarget;
			buildConfigurationList = 92702E342C28569500B45374 /* Build configuration list for PBXNativeTarget "ScrumdingerTest" */;
			buildPhases = (
				92702E222C28569400B45374 /* Sources */,
				92702E232C28569400B45374 /* Frameworks */,
				92702E242C28569400B45374 /* Resources */,
			);
			buildRules = (
			);
			dependencies = (
			);
			name = ScrumdingerTest;
			productName = ScrumdingerTest;
			productReference = 92702E262C28569400B45374 /* ScrumdingerTest.app */;
			productType = "com.apple.product-type.application";
		};
/* End PBXNativeTarget section */

/* Begin PBXProject section */
		92702E1E2C28569400B45374 /* Project object */ = {
			isa = PBXProject;
			attributes = {
				BuildIndependentTargetsInParallel = 1;
				LastSwiftUpdateCheck = 1540;
				LastUpgradeCheck = 1540;
				TargetAttributes = {
					92702E252C28569400B45374 = {
						CreatedOnToolsVersion = 15.4;
					};
				};
			};
			buildConfigurationList = 92702E212C28569400B45374 /* Build configuration list for PBXProject "ScrumdingerTest" */;
			compatibilityVersion = "Xcode 14.0";
			developmentRegion = en;
			hasScannedForEncodings = 0;
			knownRegions = (
				en,
				Base,
			);
			mainGroup = 92702E1D2C28569400B45374;
			productRefGroup = 92702E272C28569400B45374 /* Products */;
			projectDirPath = "";
			projectRoot = "";
			targets = (
				92702E252C28569400B45374 /* ScrumdingerTest */,
			);
		};
/* End PBXProject section */

/* Begin PBXResourcesBuildPhase section */
		92702E242C28569400B45374 /* Resources */ = {
			isa = PBXResourcesBuildPhase;
			buildActionMask = 2147483647;
			files = (
				92702E312C28569500B45374 /* Preview Assets.xcassets in Resources */,
				92702E2E2C28569500B45374 /* Assets.xcassets in Resources */,
			);
			runOnlyForDeploymentPostprocessing = 0;
		};
/* End PBXResourcesBuildPhase section */

/* Begin PBXSourcesBuildPhase section */
		92702E222C28569400B45374 /* Sources */ = {
			isa = PBXSourcesBuildPhase;
			buildActionMask = 2147483647;
			files = (
				92702E2C2C28569400B45374 /* ContentView.swift in Sources */,
				D6A11EB92C2EACC400A88CF7 /* CardView.swift in Sources */,
				D6A11EB22C2EAC9C00A88CF7 /* Theme.swift in Sources */,
				D6A11EBA2C2EACC400A88CF7 /* DetailView.swift in Sources */,
				D6A11EBB2C2EACC400A88CF7 /* MeetingView.swift in Sources */,
				92702E2A2C28569400B45374 /* ScrumdingerTestApp.swift in Sources */,
				D6A11EBC2C2EACC400A88CF7 /* ScrumsView.swift in Sources */,
				D6A11EBD2C2EACC400A88CF7 /* TrailingIconLabelStyle.swift in Sources */,
				D6A11EB12C2EAC9C00A88CF7 /* DailyScrum.swift in Sources */,
			);
			runOnlyForDeploymentPostprocessing = 0;
		};
/* End PBXSourcesBuildPhase section */

/* Begin XCBuildConfiguration section */
		92702E322C28569500B45374 /* Debug */ = {
			isa = XCBuildConfiguration;
			buildSettings = {
				ALWAYS_SEARCH_USER_PATHS = NO;
				ASSETCATALOG_COMPILER_GENERATE_SWIFT_ASSET_SYMBOL_EXTENSIONS = YES;
				CLANG_ANALYZER_NONNULL = YES;
				CLANG_ANALYZER_NUMBER_OBJECT_CONVERSION = YES_AGGRESSIVE;
				CLANG_CXX_LANGUAGE_STANDARD = "gnu++20";
				CLANG_ENABLE_MODULES = YES;
				CLANG_ENABLE_OBJC_ARC = YES;
				CLANG_ENABLE_OBJC_WEAK = YES;
				CLANG_WARN_BLOCK_CAPTURE_AUTORELEASING = YES;
				CLANG_WARN_BOOL_CONVERSION = YES;
				CLANG_WARN_COMMA = YES;
				CLANG_WARN_CONSTANT_CONVERSION = YES;
				CLANG_WARN_DEPRECATED_OBJC_IMPLEMENTATIONS = YES;
				CLANG_WARN_DIRECT_OBJC_ISA_USAGE = YES_ERROR;
				CLANG_WARN_DOCUMENTATION_COMMENTS = YES;
				CLANG_WARN_EMPTY_BODY = YES;
				CLANG_WARN_ENUM_CONVERSION = YES;
				CLANG_WARN_INFINITE_RECURSION = YES;
				CLANG_WARN_INT_CONVERSION = YES;
				CLANG_WARN_NON_LITERAL_NULL_CONVERSION = YES;
				CLANG_WARN_OBJC_IMPLICIT_RETAIN_SELF = YES;
				CLANG_WARN_OBJC_LITERAL_CONVERSION = YES;
				CLANG_WARN_OBJC_ROOT_CLASS = YES_ERROR;
				CLANG_WARN_QUOTED_INCLUDE_IN_FRAMEWORK_HEADER = YES;
				CLANG_WARN_RANGE_LOOP_ANALYSIS = YES;
				CLANG_WARN_STRICT_PROTOTYPES = YES;
				CLANG_WARN_SUSPICIOUS_MOVE = YES;
				CLANG_WARN_UNGUARDED_AVAILABILITY = YES_AGGRESSIVE;
				CLANG_WARN_UNREACHABLE_CODE = YES;
				CLANG_WARN__DUPLICATE_METHOD_MATCH = YES;
				COPY_PHASE_STRIP = NO;
				DEBUG_INFORMATION_FORMAT = dwarf;
				ENABLE_STRICT_OBJC_MSGSEND = YES;
				ENABLE_TESTABILITY = YES;
				ENABLE_USER_SCRIPT_SANDBOXING = YES;
				GCC_C_LANGUAGE_STANDARD = gnu17;
				GCC_DYNAMIC_NO_PIC = NO;
				GCC_NO_COMMON_BLOCKS = YES;
				GCC_OPTIMIZATION_LEVEL = 0;
				GCC_PREPROCESSOR_DEFINITIONS = (
					"DEBUG=1",
					"$(inherited)",
				);
				GCC_WARN_64_TO_32_BIT_CONVERSION = YES;
				GCC_WARN_ABOUT_RETURN_TYPE = YES_ERROR;
				GCC_WARN_UNDECLARED_SELECTOR = YES;
				GCC_WARN_UNINITIALIZED_AUTOS = YES_AGGRESSIVE;
				GCC_WARN_UNUSED_FUNCTION = YES;
				GCC_WARN_UNUSED_VARIABLE = YES;
				IPHONEOS_DEPLOYMENT_TARGET = 17.5;
				LOCALIZATION_PREFERS_STRING_CATALOGS = YES;
				MTL_ENABLE_DEBUG_INFO = INCLUDE_SOURCE;
				MTL_FAST_MATH = YES;
				ONLY_ACTIVE_ARCH = YES;
				SDKROOT = iphoneos;
				SWIFT_ACTIVE_COMPILATION_CONDITIONS = "DEBUG $(inherited)";
				SWIFT_OPTIMIZATION_LEVEL = "-Onone";
			};
			name = Debug;
		};
		92702E332C28569500B45374 /* Release */ = {
			isa = XCBuildConfiguration;
			buildSettings = {
				ALWAYS_SEARCH_USER_PATHS = NO;
				ASSETCATALOG_COMPILER_GENERATE_SWIFT_ASSET_SYMBOL_EXTENSIONS = YES;
				CLANG_ANALYZER_NONNULL = YES;
				CLANG_ANALYZER_NUMBER_OBJECT_CONVERSION = YES_AGGRESSIVE;
				CLANG_CXX_LANGUAGE_STANDARD = "gnu++20";
				CLANG_ENABLE_MODULES = YES;
				CLANG_ENABLE_OBJC_ARC = YES;
				CLANG_ENABLE_OBJC_WEAK = YES;
				CLANG_WARN_BLOCK_CAPTURE_AUTORELEASING = YES;
				CLANG_WARN_BOOL_CONVERSION = YES;
				CLANG_WARN_COMMA = YES;
				CLANG_WARN_CONSTANT_CONVERSION = YES;
				CLANG_WARN_DEPRECATED_OBJC_IMPLEMENTATIONS = YES;
				CLANG_WARN_DIRECT_OBJC_ISA_USAGE = YES_ERROR;
				CLANG_WARN_DOCUMENTATION_COMMENTS = YES;
				CLANG_WARN_EMPTY_BODY = YES;
				CLANG_WARN_ENUM_CONVERSION = YES;
				CLANG_WARN_INFINITE_RECURSION = YES;
				CLANG_WARN_INT_CONVERSION = YES;
				CLANG_WARN_NON_LITERAL_NULL_CONVERSION = YES;
				CLANG_WARN_OBJC_IMPLICIT_RETAIN_SELF = YES;
				CLANG_WARN_OBJC_LITERAL_CONVERSION = YES;
				CLANG_WARN_OBJC_ROOT_CLASS = YES_ERROR;
				CLANG_WARN_QUOTED_INCLUDE_IN_FRAMEWORK_HEADER = YES;
				CLANG_WARN_RANGE_LOOP_ANALYSIS = YES;
				CLANG_WARN_STRICT_PROTOTYPES = YES;
				CLANG_WARN_SUSPICIOUS_MOVE = YES;
				CLANG_WARN_UNGUARDED_AVAILABILITY = YES_AGGRESSIVE;
				CLANG_WARN_UNREACHABLE_CODE = YES;
				CLANG_WARN__DUPLICATE_METHOD_MATCH = YES;
				COPY_PHASE_STRIP = NO;
				DEBUG_INFORMATION_FORMAT = "dwarf-with-dsym";
				ENABLE_NS_ASSERTIONS = NO;
				ENABLE_STRICT_OBJC_MSGSEND = YES;
				ENABLE_USER_SCRIPT_SANDBOXING = YES;
				GCC_C_LANGUAGE_STANDARD = gnu17;
				GCC_NO_COMMON_BLOCKS = YES;
				GCC_WARN_64_TO_32_BIT_CONVERSION = YES;
				GCC_WARN_ABOUT_RETURN_TYPE = YES_ERROR;
				GCC_WARN_UNDECLARED_SELECTOR = YES;
				GCC_WARN_UNINITIALIZED_AUTOS = YES_AGGRESSIVE;
				GCC_WARN_UNUSED_FUNCTION = YES;
				GCC_WARN_UNUSED_VARIABLE = YES;
				IPHONEOS_DEPLOYMENT_TARGET = 17.5;
				LOCALIZATION_PREFERS_STRING_CATALOGS = YES;
				MTL_ENABLE_DEBUG_INFO = NO;
				MTL_FAST_MATH = YES;
				SDKROOT = iphoneos;
				SWIFT_COMPILATION_MODE = wholemodule;
				VALIDATE_PRODUCT = YES;
			};
			name = Release;
		};
		92702E352C28569500B45374 /* Debug */ = {
			isa = XCBuildConfiguration;
			buildSettings = {
				ASSETCATALOG_COMPILER_APPICON_NAME = AppIcon;
				ASSETCATALOG_COMPILER_GLOBAL_ACCENT_COLOR_NAME = AccentColor;
				CODE_SIGN_STYLE = Automatic;
				CURRENT_PROJECT_VERSION = 1;
				DEVELOPMENT_ASSET_PATHS = "\"ScrumdingerTest/Preview Content\"";
				ENABLE_PREVIEWS = YES;
				GENERATE_INFOPLIST_FILE = YES;
				INFOPLIST_KEY_UIApplicationSceneManifest_Generation = YES;
				INFOPLIST_KEY_UIApplicationSupportsIndirectInputEvents = YES;
				INFOPLIST_KEY_UILaunchScreen_Generation = YES;
				INFOPLIST_KEY_UISupportedInterfaceOrientations_iPad = "UIInterfaceOrientationPortrait UIInterfaceOrientationPortraitUpsideDown UIInterfaceOrientationLandscapeLeft UIInterfaceOrientationLandscapeRight";
				INFOPLIST_KEY_UISupportedInterfaceOrientations_iPhone = "UIInterfaceOrientationPortrait UIInterfaceOrientationLandscapeLeft UIInterfaceOrientationLandscapeRight";
				LD_RUNPATH_SEARCH_PATHS = (
					"$(inherited)",
					"@executable_path/Frameworks",
				);
				MARKETING_VERSION = 1.0;
				PRODUCT_BUNDLE_IDENTIFIER = org.ksy.kr.ScrumdingerTest;
				PRODUCT_NAME = "$(TARGET_NAME)";
				SWIFT_EMIT_LOC_STRINGS = YES;
				SWIFT_VERSION = 5.0;
				TARGETED_DEVICE_FAMILY = "1,2";
			};
			name = Debug;
		};
		92702E362C28569500B45374 /* Release */ = {
			isa = XCBuildConfiguration;
			buildSettings = {
				ASSETCATALOG_COMPILER_APPICON_NAME = AppIcon;
				ASSETCATALOG_COMPILER_GLOBAL_ACCENT_COLOR_NAME = AccentColor;
				CODE_SIGN_STYLE = Automatic;
				CURRENT_PROJECT_VERSION = 1;
				DEVELOPMENT_ASSET_PATHS = "\"ScrumdingerTest/Preview Content\"";
				ENABLE_PREVIEWS = YES;
				GENERATE_INFOPLIST_FILE = YES;
				INFOPLIST_KEY_UIApplicationSceneManifest_Generation = YES;
				INFOPLIST_KEY_UIApplicationSupportsIndirectInputEvents = YES;
				INFOPLIST_KEY_UILaunchScreen_Generation = YES;
				INFOPLIST_KEY_UISupportedInterfaceOrientations_iPad = "UIInterfaceOrientationPortrait UIInterfaceOrientationPortraitUpsideDown UIInterfaceOrientationLandscapeLeft UIInterfaceOrientationLandscapeRight";
				INFOPLIST_KEY_UISupportedInterfaceOrientations_iPhone = "UIInterfaceOrientationPortrait UIInterfaceOrientationLandscapeLeft UIInterfaceOrientationLandscapeRight";
				LD_RUNPATH_SEARCH_PATHS = (
					"$(inherited)",
					"@executable_path/Frameworks",
				);
				MARKETING_VERSION = 1.0;
				PRODUCT_BUNDLE_IDENTIFIER = org.ksy.kr.ScrumdingerTest;
				PRODUCT_NAME = "$(TARGET_NAME)";
				SWIFT_EMIT_LOC_STRINGS = YES;
				SWIFT_VERSION = 5.0;
				TARGETED_DEVICE_FAMILY = "1,2";
			};
			name = Release;
		};
/* End XCBuildConfiguration section */

/* Begin XCConfigurationList section */
		92702E212C28569400B45374 /* Build configuration list for PBXProject "ScrumdingerTest" */ = {
			isa = XCConfigurationList;
			buildConfigurations = (
				92702E322C28569500B45374 /* Debug */,
				92702E332C28569500B45374 /* Release */,
			);
			defaultConfigurationIsVisible = 0;
			defaultConfigurationName = Release;
		};
		92702E342C28569500B45374 /* Build configuration list for PBXNativeTarget "ScrumdingerTest" */ = {
			isa = XCConfigurationList;
			buildConfigurations = (
				92702E352C28569500B45374 /* Debug */,
				92702E362C28569500B45374 /* Release */,
			);
			defaultConfigurationIsVisible = 0;
			defaultConfigurationName = Release;
		};
/* End XCConfigurationList section */
	};
	rootObject = 92702E1E2C28569400B45374 /* Project object */;
}
